
Microsoft Visual Studio Solution File, Format Version 10.00
# Visual C++ Express 2008
Project("{8BC9CEB8-8B4A-11D0-8D11-00A0C91BC942}") = "B5500", "B5500.vcproj", "{BA514FA1-D029-4D25-91CC-255E5953FF6E}"
EndProject
Project("{8BC9CEB8-8B4A-11D0-8D11-00A0C91BC942}") = "I7090", "I7090.vcproj", "{33EE34FC-A12F-47FE-9FD6-8B74D08718C7}"
EndProject
Project("{8BC9CEB8-8B4A-11D0-8D11-00A0C91BC942}") = "I704", "I704.vcproj", "{91A7D475-1238-4872-BEAE-143E1FCEA297}"
EndProject
Project("{8BC9CEB8-8B4A-11D0-8D11-00A0C91BC942}") = "I7080", "I7080.vcproj", "{BF1E708D-D374-4DE1-A0D3-6D8DB4B4F7FA}"
EndProject
Project("{8BC9CEB8-8B4A-11D0-8D11-00A0C91BC942}") = "I7070", "I7070.vcproj", "{F55D43D3-AD63-4B19-B67A-47064227F3E3}"
EndProject
Project("{8BC9CEB8-8B4A-11D0-8D11-00A0C91BC942}") = "I7010", "I7010.vcproj", "{55A727F0-B5C8-48E8-9EF2-D5DAF679C520}"
EndProject
Project("{8BC9CEB8-8B4A-11D0-8D11-00A0C91BC942}") = "PDP10-KA", "PDP10-KA.vcproj", "{01F75DE5-8049-4C73-A325-B1F9964CE709}"
EndProject
Project("{8BC9CEB8-8B4A-11D0-8D11-00A0C91BC942}") = "PDP6", "PDP6.vcproj", "{E1360A12-C173-4AD0-889C-5114B893EA6F}"
EndProject
Project("{8BC9CEB8-8B4A-11D0-8D11-00A0C91BC942}") = "PDP10-KI", "PDP10-KI.vcproj", "{0BA63EC5-BD4F-44FB-AE89-7DD2C84CB1D9}"
EndProject
Project("{8BC9CEB8-8B4A-11D0-8D11-00A0C91BC942}") = "PDP10-KL", "PDP10-KL.vcproj", "{DA2AA7A0-B679-456B-B152-DEF40FAE5A7A}"
EndProject
Project("{8BC9CEB8-8B4A-11D0-8D11-00A0C91BC942}") = "IBM360_32", "IBM360_32.vcproj", "{2C6C00AA-F794-42D9-A79A-75778627BA56}"
EndProject
Project("{8BC9CEB8-8B4A-11D0-8D11-00A0C91BC942}") = "IBM360", "IBM360.vcproj", "{F0A00C2C-16BB-4580-B6F1-C68C7D173D76}"
EndProject
Project("{8BC9CEB8-8B4A-11D0-8D11-00A0C91BC942}") = "SEL32", "SEL32.vcproj", "{9B214A06-3727-44D4-99B7-2C3E44B86B32}"
EndProject
Project("{8BC9CEB8-8B4A-11D0-8D11-00A0C91BC942}") = "I701", "I701.vcproj", "{F1F44607-FB9E-428C-AD8F-56F98699D121}"
EndProject
Project("{8BC9CEB8-8B4A-11D0-8D11-00A0C91BC942}") = "ICL1900", "ICL1900.vcproj", "{4E47E442-0E1C-40CD-8398-5D59C123AC53}"
EndProject
Project("{8BC9CEB8-8B4A-11D0-8D11-00A0C91BC942}") = "PDP10-KS", "PDP10-KS.vcproj", "{E63DFEF3-2372-47CF-8EE4-79DB41A4E440}"
EndProject
Global
	GlobalSection(SolutionConfigurationPlatforms) = preSolution
		Debug|Win32 = Debug|Win32
		Release|Win32 = Release|Win32
	EndGlobalSection
	GlobalSection(ProjectConfigurationPlatforms) = postSolution
		{BA514FA1-D029-4D25-91CC-255E5953FF6E}.Debug|Win32.ActiveCfg = Debug|Win32
		{BA514FA1-D029-4D25-91CC-255E5953FF6E}.Debug|Win32.Build.0 = Debug|Win32
		{BA514FA1-D029-4D25-91CC-255E5953FF6E}.Release|Win32.ActiveCfg = Release|Win32
		{BA514FA1-D029-4D25-91CC-255E5953FF6E}.Release|Win32.Build.0 = Release|Win32
		{33EE34FC-A12F-47FE-9FD6-8B74D08718C7}.Debug|Win32.ActiveCfg = Debug|Win32
		{33EE34FC-A12F-47FE-9FD6-8B74D08718C7}.Debug|Win32.Build.0 = Debug|Win32
		{33EE34FC-A12F-47FE-9FD6-8B74D08718C7}.Release|Win32.ActiveCfg = Release|Win32
		{33EE34FC-A12F-47FE-9FD6-8B74D08718C7}.Release|Win32.Build.0 = Release|Win32
		{91A7D475-1238-4872-BEAE-143E1FCEA297}.Debug|Win32.ActiveCfg = Debug|Win32
		{91A7D475-1238-4872-BEAE-143E1FCEA297}.Debug|Win32.Build.0 = Debug|Win32
		{91A7D475-1238-4872-BEAE-143E1FCEA297}.Release|Win32.ActiveCfg = Release|Win32
		{91A7D475-1238-4872-BEAE-143E1FCEA297}.Release|Win32.Build.0 = Release|Win32
		{BF1E708D-D374-4DE1-A0D3-6D8DB4B4F7FA}.Debug|Win32.ActiveCfg = Debug|Win32
		{BF1E708D-D374-4DE1-A0D3-6D8DB4B4F7FA}.Debug|Win32.Build.0 = Debug|Win32
		{BF1E708D-D374-4DE1-A0D3-6D8DB4B4F7FA}.Release|Win32.ActiveCfg = Release|Win32
		{BF1E708D-D374-4DE1-A0D3-6D8DB4B4F7FA}.Release|Win32.Build.0 = Release|Win32
		{F55D43D3-AD63-4B19-B67A-47064227F3E3}.Debug|Win32.ActiveCfg = Debug|Win32
		{F55D43D3-AD63-4B19-B67A-47064227F3E3}.Debug|Win32.Build.0 = Debug|Win32
		{F55D43D3-AD63-4B19-B67A-47064227F3E3}.Release|Win32.ActiveCfg = Release|Win32
		{F55D43D3-AD63-4B19-B67A-47064227F3E3}.Release|Win32.Build.0 = Release|Win32
		{55A727F0-B5C8-48E8-9EF2-D5DAF679C520}.Debug|Win32.ActiveCfg = Debug|Win32
		{55A727F0-B5C8-48E8-9EF2-D5DAF679C520}.Debug|Win32.Build.0 = Debug|Win32
		{55A727F0-B5C8-48E8-9EF2-D5DAF679C520}.Release|Win32.ActiveCfg = Release|Win32
		{55A727F0-B5C8-48E8-9EF2-D5DAF679C520}.Release|Win32.Build.0 = Release|Win32
		{01F75DE5-8049-4C73-A325-B1F9964CE709}.Debug|Win32.ActiveCfg = Debug|Win32
		{01F75DE5-8049-4C73-A325-B1F9964CE709}.Debug|Win32.Build.0 = Debug|Win32
		{01F75DE5-8049-4C73-A325-B1F9964CE709}.Release|Win32.ActiveCfg = Release|Win32
		{01F75DE5-8049-4C73-A325-B1F9964CE709}.Release|Win32.Build.0 = Release|Win32
		{E1360A12-C173-4AD0-889C-5114B893EA6F}.Debug|Win32.ActiveCfg = Debug|Win32
		{E1360A12-C173-4AD0-889C-5114B893EA6F}.Debug|Win32.Build.0 = Debug|Win32
		{E1360A12-C173-4AD0-889C-5114B893EA6F}.Release|Win32.ActiveCfg = Release|Win32
		{E1360A12-C173-4AD0-889C-5114B893EA6F}.Release|Win32.Build.0 = Release|Win32
		{0BA63EC5-BD4F-44FB-AE89-7DD2C84CB1D9}.Debug|Win32.ActiveCfg = Debug|Win32
		{0BA63EC5-BD4F-44FB-AE89-7DD2C84CB1D9}.Debug|Win32.Build.0 = Debug|Win32
		{0BA63EC5-BD4F-44FB-AE89-7DD2C84CB1D9}.Release|Win32.ActiveCfg = Release|Win32
		{0BA63EC5-BD4F-44FB-AE89-7DD2C84CB1D9}.Release|Win32.Build.0 = Release|Win32
		{DA2AA7A0-B679-456B-B152-DEF40FAE5A7A}.Debug|Win32.ActiveCfg = Debug|Win32
		{DA2AA7A0-B679-456B-B152-DEF40FAE5A7A}.Debug|Win32.Build.0 = Debug|Win32
		{DA2AA7A0-B679-456B-B152-DEF40FAE5A7A}.Release|Win32.ActiveCfg = Release|Win32
		{DA2AA7A0-B679-456B-B152-DEF40FAE5A7A}.Release|Win32.Build.0 = Release|Win32
		{2C6C00AA-F794-42D9-A79A-75778627BA56}.Debug|Win32.ActiveCfg = Debug|Win32
		{2C6C00AA-F794-42D9-A79A-75778627BA56}.Debug|Win32.Build.0 = Debug|Win32
		{2C6C00AA-F794-42D9-A79A-75778627BA56}.Release|Win32.ActiveCfg = Release|Win32
		{2C6C00AA-F794-42D9-A79A-75778627BA56}.Release|Win32.Build.0 = Release|Win32
		{F0A00C2C-16BB-4580-B6F1-C68C7D173D76}.Debug|Win32.ActiveCfg = Debug|Win32
		{F0A00C2C-16BB-4580-B6F1-C68C7D173D76}.Debug|Win32.Build.0 = Debug|Win32
		{F0A00C2C-16BB-4580-B6F1-C68C7D173D76}.Release|Win32.ActiveCfg = Release|Win32
		{F0A00C2C-16BB-4580-B6F1-C68C7D173D76}.Release|Win32.Build.0 = Release|Win32
		{9B214A06-3727-44D4-99B7-2C3E44B86B32}.Debug|Win32.ActiveCfg = Debug|Win32
		{9B214A06-3727-44D4-99B7-2C3E44B86B32}.Debug|Win32.Build.0 = Debug|Win32
		{9B214A06-3727-44D4-99B7-2C3E44B86B32}.Release|Win32.ActiveCfg = Release|Win32
		{9B214A06-3727-44D4-99B7-2C3E44B86B32}.Release|Win32.Build.0 = Release|Win32
		{F1F44607-FB9E-428C-AD8F-56F98699D121}.Debug|Win32.ActiveCfg = Debug|Win32
		{F1F44607-FB9E-428C-AD8F-56F98699D121}.Debug|Win32.Build.0 = Debug|Win32
		{F1F44607-FB9E-428C-AD8F-56F98699D121}.Release|Win32.ActiveCfg = Release|Win32
		{F1F44607-FB9E-428C-AD8F-56F98699D121}.Release|Win32.Build.0 = Release|Win32
		{4E47E442-0E1C-40CD-8398-5D59C123AC53}.Debug|Win32.ActiveCfg = Debug|Win32
		{4E47E442-0E1C-40CD-8398-5D59C123AC53}.Debug|Win32.Build.0 = Debug|Win32
		{4E47E442-0E1C-40CD-8398-5D59C123AC53}.Release|Win32.ActiveCfg = Release|Win32
		{4E47E442-0E1C-40CD-8398-5D59C123AC53}.Release|Win32.Build.0 = Release|Win32
		{E63DFEF3-2372-47CF-8EE4-79DB41A4E440}.Debug|Win32.ActiveCfg = Debug|Win32
		{E63DFEF3-2372-47CF-8EE4-79DB41A4E440}.Debug|Win32.Build.0 = Debug|Win32
		{E63DFEF3-2372-47CF-8EE4-79DB41A4E440}.Release|Win32.ActiveCfg = Release|Win32
		{E63DFEF3-2372-47CF-8EE4-79DB41A4E440}.Release|Win32.Build.0 = Release|Win32
	EndGlobalSection
	GlobalSection(SolutionProperties) = preSolution
		HideSolutionNode = FALSE
	EndGlobalSection
EndGlobal
